// !$*UTF8*$!
{
	archiveVersion = 1;
	classes = {
	};
	objectVersion = 46;
	objects = {

/* Begin PBXBuildFile section */
		BA4FF46D1A7415040070E94E /* background.png in Resources */ = {isa = PBXBuildFile; fileRef = BA4FF46C1A7415040070E94E /* background.png */; };
		BA4FF4701A741F9F0070E94E /* startButton_.png in Resources */ = {isa = PBXBuildFile; fileRef = BA4FF46E1A741F9F0070E94E /* startButton_.png */; };
		BA4FF4711A741F9F0070E94E /* startButton.png in Resources */ = {isa = PBXBuildFile; fileRef = BA4FF46F1A741F9F0070E94E /* startButton.png */; };
		BA4FF4741A7420080070E94E /* startButton_1.png in Resources */ = {isa = PBXBuildFile; fileRef = BA4FF4721A7420080070E94E /* startButton_1.png */; };
		BA4FF4751A7420080070E94E /* startButton1.png in Resources */ = {isa = PBXBuildFile; fileRef = BA4FF4731A7420080070E94E /* startButton1.png */; };
		BA4FF4781A74216B0070E94E /* levelButton_1.png in Resources */ = {isa = PBXBuildFile; fileRef = BA4FF4761A74216B0070E94E /* levelButton_1.png */; };
		BA4FF4791A74216B0070E94E /* levelButton1.png in Resources */ = {isa = PBXBuildFile; fileRef = BA4FF4771A74216B0070E94E /* levelButton1.png */; };
		BA73D5F21A734B54005B852D /* AppDelegate.swift in Sources */ = {isa = PBXBuildFile; fileRef = BA73D5F11A734B54005B852D /* AppDelegate.swift */; };
		BA73D5F61A734B54005B852D /* GameScene.swift in Sources */ = {isa = PBXBuildFile; fileRef = BA73D5F51A734B54005B852D /* GameScene.swift */; };
		BA73D5F81A734B54005B852D /* GameViewController.swift in Sources */ = {isa = PBXBuildFile; fileRef = BA73D5F71A734B54005B852D /* GameViewController.swift */; };
		BA73D5FB1A734B54005B852D /* Main.storyboard in Resources */ = {isa = PBXBuildFile; fileRef = BA73D5F91A734B54005B852D /* Main.storyboard */; };
		BA73D5FD1A734B54005B852D /* Images.xcassets in Resources */ = {isa = PBXBuildFile; fileRef = BA73D5FC1A734B54005B852D /* Images.xcassets */; };
		BA73D6001A734B54005B852D /* LaunchScreen.xib in Resources */ = {isa = PBXBuildFile; fileRef = BA73D5FE1A734B54005B852D /* LaunchScreen.xib */; };
		BA73D60C1A734B54005B852D /* WhatDoWeDoNowTests.swift in Sources */ = {isa = PBXBuildFile; fileRef = BA73D60B1A734B54005B852D /* WhatDoWeDoNowTests.swift */; };
		BA73D6731A735A40005B852D /* sport01.png in Resources */ = {isa = PBXBuildFile; fileRef = BA73D64B1A735A40005B852D /* sport01.png */; };
		BA73D6741A735A40005B852D /* sport01_.png in Resources */ = {isa = PBXBuildFile; fileRef = BA73D64C1A735A40005B852D /* sport01_.png */; };
		BA73D6751A735A40005B852D /* sport02.png in Resources */ = {isa = PBXBuildFile; fileRef = BA73D64D1A735A40005B852D /* sport02.png */; };
		BA73D6761A735A40005B852D /* sport02_.png in Resources */ = {isa = PBXBuildFile; fileRef = BA73D64E1A735A40005B852D /* sport02_.png */; };
		BA73D6771A735A40005B852D /* sport03.png in Resources */ = {isa = PBXBuildFile; fileRef = BA73D64F1A735A40005B852D /* sport03.png */; };
		BA73D6781A735A40005B852D /* sport03_.png in Resources */ = {isa = PBXBuildFile; fileRef = BA73D6501A735A40005B852D /* sport03_.png */; };
		BA73D6791A735A40005B852D /* sport04.png in Resources */ = {isa = PBXBuildFile; fileRef = BA73D6511A735A40005B852D /* sport04.png */; };
		BA73D67A1A735A40005B852D /* sport04_.png in Resources */ = {isa = PBXBuildFile; fileRef = BA73D6521A735A40005B852D /* sport04_.png */; };
		BA73D67B1A735A40005B852D /* sport05.png in Resources */ = {isa = PBXBuildFile; fileRef = BA73D6531A735A40005B852D /* sport05.png */; };
		BA73D67C1A735A40005B852D /* sport05_.png in Resources */ = {isa = PBXBuildFile; fileRef = BA73D6541A735A40005B852D /* sport05_.png */; };
		BA73D67D1A735A40005B852D /* sport06.png in Resources */ = {isa = PBXBuildFile; fileRef = BA73D6551A735A40005B852D /* sport06.png */; };
		BA73D67E1A735A40005B852D /* sport06_.png in Resources */ = {isa = PBXBuildFile; fileRef = BA73D6561A735A40005B852D /* sport06_.png */; };
		BA73D67F1A735A40005B852D /* sport07.png in Resources */ = {isa = PBXBuildFile; fileRef = BA73D6571A735A40005B852D /* sport07.png */; };
		BA73D6801A735A40005B852D /* sport07_.png in Resources */ = {isa = PBXBuildFile; fileRef = BA73D6581A735A40005B852D /* sport07_.png */; };
		BA73D6811A735A40005B852D /* sport08.png in Resources */ = {isa = PBXBuildFile; fileRef = BA73D6591A735A40005B852D /* sport08.png */; };
		BA73D6821A735A40005B852D /* sport08_.png in Resources */ = {isa = PBXBuildFile; fileRef = BA73D65A1A735A40005B852D /* sport08_.png */; };
		BA73D6831A735A40005B852D /* sport09.png in Resources */ = {isa = PBXBuildFile; fileRef = BA73D65B1A735A40005B852D /* sport09.png */; };
		BA73D6841A735A40005B852D /* sport09_.png in Resources */ = {isa = PBXBuildFile; fileRef = BA73D65C1A735A40005B852D /* sport09_.png */; };
		BA73D6851A735A40005B852D /* sport10.png in Resources */ = {isa = PBXBuildFile; fileRef = BA73D65D1A735A40005B852D /* sport10.png */; };
		BA73D6861A735A40005B852D /* sport10_.png in Resources */ = {isa = PBXBuildFile; fileRef = BA73D65E1A735A40005B852D /* sport10_.png */; };
		BA73D6871A735A40005B852D /* sport11.png in Resources */ = {isa = PBXBuildFile; fileRef = BA73D65F1A735A40005B852D /* sport11.png */; };
		BA73D6881A735A40005B852D /* sport11_.png in Resources */ = {isa = PBXBuildFile; fileRef = BA73D6601A735A40005B852D /* sport11_.png */; };
		BA73D6891A735A40005B852D /* sport12.png in Resources */ = {isa = PBXBuildFile; fileRef = BA73D6611A735A40005B852D /* sport12.png */; };
		BA73D68A1A735A40005B852D /* sport12_.png in Resources */ = {isa = PBXBuildFile; fileRef = BA73D6621A735A40005B852D /* sport12_.png */; };
		BA73D68B1A735A40005B852D /* sport13.png in Resources */ = {isa = PBXBuildFile; fileRef = BA73D6631A735A40005B852D /* sport13.png */; };
		BA73D68C1A735A40005B852D /* sport13_.png in Resources */ = {isa = PBXBuildFile; fileRef = BA73D6641A735A40005B852D /* sport13_.png */; };
		BA73D68D1A735A40005B852D /* sport14.png in Resources */ = {isa = PBXBuildFile; fileRef = BA73D6651A735A40005B852D /* sport14.png */; };
		BA73D68E1A735A40005B852D /* sport14_.png in Resources */ = {isa = PBXBuildFile; fileRef = BA73D6661A735A40005B852D /* sport14_.png */; };
		BA73D68F1A735A40005B852D /* sport15.png in Resources */ = {isa = PBXBuildFile; fileRef = BA73D6671A735A40005B852D /* sport15.png */; };
		BA73D6901A735A40005B852D /* sport15_.png in Resources */ = {isa = PBXBuildFile; fileRef = BA73D6681A735A40005B852D /* sport15_.png */; };
		BA73D6911A735A40005B852D /* sport16.png in Resources */ = {isa = PBXBuildFile; fileRef = BA73D6691A735A40005B852D /* sport16.png */; };
		BA73D6921A735A40005B852D /* sport17.png in Resources */ = {isa = PBXBuildFile; fileRef = BA73D66A1A735A40005B852D /* sport17.png */; };
		BA73D6931A735A40005B852D /* sport18.png in Resources */ = {isa = PBXBuildFile; fileRef = BA73D66B1A735A40005B852D /* sport18.png */; };
		BA73D6941A735A40005B852D /* sport19.png in Resources */ = {isa = PBXBuildFile; fileRef = BA73D66C1A735A40005B852D /* sport19.png */; };
		BA73D6951A735A40005B852D /* sport20.png in Resources */ = {isa = PBXBuildFile; fileRef = BA73D66D1A735A40005B852D /* sport20.png */; };
		BA73D6961A735A40005B852D /* sport21.png in Resources */ = {isa = PBXBuildFile; fileRef = BA73D66E1A735A40005B852D /* sport21.png */; };
		BA73D6971A735A40005B852D /* sport22.png in Resources */ = {isa = PBXBuildFile; fileRef = BA73D66F1A735A40005B852D /* sport22.png */; };
		BA73D6981A735A40005B852D /* sport23.png in Resources */ = {isa = PBXBuildFile; fileRef = BA73D6701A735A40005B852D /* sport23.png */; };
		BA73D6991A735A40005B852D /* sport24.png in Resources */ = {isa = PBXBuildFile; fileRef = BA73D6711A735A40005B852D /* sport24.png */; };
		BA73D69A1A735A40005B852D /* sport25.png in Resources */ = {isa = PBXBuildFile; fileRef = BA73D6721A735A40005B852D /* sport25.png */; };
		F376CCE91A7399B7002E939C /* startButton_.png in Resources */ = {isa = PBXBuildFile; fileRef = F376CCE71A7399B7002E939C /* startButton_.png */; };
		F376CCEA1A7399B7002E939C /* startButton.png in Resources */ = {isa = PBXBuildFile; fileRef = F376CCE81A7399B7002E939C /* startButton.png */; };
		F3B988681A73CC720054A4F1 /* Result.swift in Sources */ = {isa = PBXBuildFile; fileRef = F3B988671A73CC720054A4F1 /* Result.swift */; };
		F3B9886A1A73E4290054A4F1 /* Sport.swift in Sources */ = {isa = PBXBuildFile; fileRef = F3B988691A73E4290054A4F1 /* Sport.swift */; };
		F3B9886C1A73F95F0054A4F1 /* Array2D.swift in Sources */ = {isa = PBXBuildFile; fileRef = F3B9886B1A73F95F0054A4F1 /* Array2D.swift */; };
		F3B9886E1A73F9770054A4F1 /* Set.swift in Sources */ = {isa = PBXBuildFile; fileRef = F3B9886D1A73F9770054A4F1 /* Set.swift */; };
		F3B988701A73F9D50054A4F1 /* Level.swift in Sources */ = {isa = PBXBuildFile; fileRef = F3B9886F1A73F9D50054A4F1 /* Level.swift */; };
		F3C570C01A73658800D186AA /* GameStart.swift in Sources */ = {isa = PBXBuildFile; fileRef = F3C570BF1A73658800D186AA /* GameStart.swift */; };
		F3DEE4CB1A73879D0002532A /* ActionButton.swift in Sources */ = {isa = PBXBuildFile; fileRef = F3DEE4CA1A73879D0002532A /* ActionButton.swift */; };
/* End PBXBuildFile section */

/* Begin PBXContainerItemProxy section */
		BA73D6061A734B54005B852D /* PBXContainerItemProxy */ = {
			isa = PBXContainerItemProxy;
			containerPortal = BA73D5E41A734B54005B852D /* Project object */;
			proxyType = 1;
			remoteGlobalIDString = BA73D5EB1A734B54005B852D;
			remoteInfo = WhatDoWeDoNow;
		};
/* End PBXContainerItemProxy section */

/* Begin PBXFileReference section */
		BA4FF46C1A7415040070E94E /* background.png */ = {isa = PBXFileReference; lastKnownFileType = image.png; path = background.png; sourceTree = "<group>"; };
		BA4FF46E1A741F9F0070E94E /* startButton_.png */ = {isa = PBXFileReference; lastKnownFileType = image.png; path = startButton_.png; sourceTree = "<group>"; };
		BA4FF46F1A741F9F0070E94E /* startButton.png */ = {isa = PBXFileReference; lastKnownFileType = image.png; path = startButton.png; sourceTree = "<group>"; };
		BA4FF4721A7420080070E94E /* startButton_1.png */ = {isa = PBXFileReference; lastKnownFileType = image.png; path = startButton_1.png; sourceTree = "<group>"; };
		BA4FF4731A7420080070E94E /* startButton1.png */ = {isa = PBXFileReference; lastKnownFileType = image.png; path = startButton1.png; sourceTree = "<group>"; };
		BA4FF4761A74216B0070E94E /* levelButton_1.png */ = {isa = PBXFileReference; lastKnownFileType = image.png; path = levelButton_1.png; sourceTree = "<group>"; };
		BA4FF4771A74216B0070E94E /* levelButton1.png */ = {isa = PBXFileReference; lastKnownFileType = image.png; path = levelButton1.png; sourceTree = "<group>"; };
		BA73D5EC1A734B54005B852D /* WhatDoWeDoNow.app */ = {isa = PBXFileReference; explicitFileType = wrapper.application; includeInIndex = 0; path = WhatDoWeDoNow.app; sourceTree = BUILT_PRODUCTS_DIR; };
		BA73D5F01A734B54005B852D /* Info.plist */ = {isa = PBXFileReference; lastKnownFileType = text.plist.xml; path = Info.plist; sourceTree = "<group>"; };
		BA73D5F11A734B54005B852D /* AppDelegate.swift */ = {isa = PBXFileReference; lastKnownFileType = sourcecode.swift; path = AppDelegate.swift; sourceTree = "<group>"; };
		BA73D5F51A734B54005B852D /* GameScene.swift */ = {isa = PBXFileReference; lastKnownFileType = sourcecode.swift; path = GameScene.swift; sourceTree = "<group>"; };
		BA73D5F71A734B54005B852D /* GameViewController.swift */ = {isa = PBXFileReference; lastKnownFileType = sourcecode.swift; path = GameViewController.swift; sourceTree = "<group>"; };
		BA73D5FA1A734B54005B852D /* Base */ = {isa = PBXFileReference; lastKnownFileType = file.storyboard; name = Base; path = Base.lproj/Main.storyboard; sourceTree = "<group>"; };
		BA73D5FC1A734B54005B852D /* Images.xcassets */ = {isa = PBXFileReference; lastKnownFileType = folder.assetcatalog; path = Images.xcassets; sourceTree = "<group>"; };
		BA73D5FF1A734B54005B852D /* Base */ = {isa = PBXFileReference; lastKnownFileType = file.xib; name = Base; path = Base.lproj/LaunchScreen.xib; sourceTree = "<group>"; };
		BA73D6051A734B54005B852D /* WhatDoWeDoNowTests.xctest */ = {isa = PBXFileReference; explicitFileType = wrapper.cfbundle; includeInIndex = 0; path = WhatDoWeDoNowTests.xctest; sourceTree = BUILT_PRODUCTS_DIR; };
		BA73D60A1A734B54005B852D /* Info.plist */ = {isa = PBXFileReference; lastKnownFileType = text.plist.xml; path = Info.plist; sourceTree = "<group>"; };
		BA73D60B1A734B54005B852D /* WhatDoWeDoNowTests.swift */ = {isa = PBXFileReference; lastKnownFileType = sourcecode.swift; path = WhatDoWeDoNowTests.swift; sourceTree = "<group>"; };
		BA73D64B1A735A40005B852D /* sport01.png */ = {isa = PBXFileReference; lastKnownFileType = image.png; path = sport01.png; sourceTree = "<group>"; };
		BA73D64C1A735A40005B852D /* sport01_.png */ = {isa = PBXFileReference; lastKnownFileType = image.png; path = sport01_.png; sourceTree = "<group>"; };
		BA73D64D1A735A40005B852D /* sport02.png */ = {isa = PBXFileReference; lastKnownFileType = image.png; path = sport02.png; sourceTree = "<group>"; };
		BA73D64E1A735A40005B852D /* sport02_.png */ = {isa = PBXFileReference; lastKnownFileType = image.png; path = sport02_.png; sourceTree = "<group>"; };
		BA73D64F1A735A40005B852D /* sport03.png */ = {isa = PBXFileReference; lastKnownFileType = image.png; path = sport03.png; sourceTree = "<group>"; };
		BA73D6501A735A40005B852D /* sport03_.png */ = {isa = PBXFileReference; lastKnownFileType = image.png; path = sport03_.png; sourceTree = "<group>"; };
		BA73D6511A735A40005B852D /* sport04.png */ = {isa = PBXFileReference; lastKnownFileType = image.png; path = sport04.png; sourceTree = "<group>"; };
		BA73D6521A735A40005B852D /* sport04_.png */ = {isa = PBXFileReference; lastKnownFileType = image.png; path = sport04_.png; sourceTree = "<group>"; };
		BA73D6531A735A40005B852D /* sport05.png */ = {isa = PBXFileReference; lastKnownFileType = image.png; path = sport05.png; sourceTree = "<group>"; };
		BA73D6541A735A40005B852D /* sport05_.png */ = {isa = PBXFileReference; lastKnownFileType = image.png; path = sport05_.png; sourceTree = "<group>"; };
		BA73D6551A735A40005B852D /* sport06.png */ = {isa = PBXFileReference; lastKnownFileType = image.png; path = sport06.png; sourceTree = "<group>"; };
		BA73D6561A735A40005B852D /* sport06_.png */ = {isa = PBXFileReference; lastKnownFileType = image.png; path = sport06_.png; sourceTree = "<group>"; };
		BA73D6571A735A40005B852D /* sport07.png */ = {isa = PBXFileReference; lastKnownFileType = image.png; path = sport07.png; sourceTree = "<group>"; };
		BA73D6581A735A40005B852D /* sport07_.png */ = {isa = PBXFileReference; lastKnownFileType = image.png; path = sport07_.png; sourceTree = "<group>"; };
		BA73D6591A735A40005B852D /* sport08.png */ = {isa = PBXFileReference; lastKnownFileType = image.png; path = sport08.png; sourceTree = "<group>"; };
		BA73D65A1A735A40005B852D /* sport08_.png */ = {isa = PBXFileReference; lastKnownFileType = image.png; path = sport08_.png; sourceTree = "<group>"; };
		BA73D65B1A735A40005B852D /* sport09.png */ = {isa = PBXFileReference; lastKnownFileType = image.png; path = sport09.png; sourceTree = "<group>"; };
		BA73D65C1A735A40005B852D /* sport09_.png */ = {isa = PBXFileReference; lastKnownFileType = image.png; path = sport09_.png; sourceTree = "<group>"; };
		BA73D65D1A735A40005B852D /* sport10.png */ = {isa = PBXFileReference; lastKnownFileType = image.png; path = sport10.png; sourceTree = "<group>"; };
		BA73D65E1A735A40005B852D /* sport10_.png */ = {isa = PBXFileReference; lastKnownFileType = image.png; path = sport10_.png; sourceTree = "<group>"; };
		BA73D65F1A735A40005B852D /* sport11.png */ = {isa = PBXFileReference; lastKnownFileType = image.png; path = sport11.png; sourceTree = "<group>"; };
		BA73D6601A735A40005B852D /* sport11_.png */ = {isa = PBXFileReference; lastKnownFileType = image.png; path = sport11_.png; sourceTree = "<group>"; };
		BA73D6611A735A40005B852D /* sport12.png */ = {isa = PBXFileReference; lastKnownFileType = image.png; path = sport12.png; sourceTree = "<group>"; };
		BA73D6621A735A40005B852D /* sport12_.png */ = {isa = PBXFileReference; lastKnownFileType = image.png; path = sport12_.png; sourceTree = "<group>"; };
		BA73D6631A735A40005B852D /* sport13.png */ = {isa = PBXFileReference; lastKnownFileType = image.png; path = sport13.png; sourceTree = "<group>"; };
		BA73D6641A735A40005B852D /* sport13_.png */ = {isa = PBXFileReference; lastKnownFileType = image.png; path = sport13_.png; sourceTree = "<group>"; };
		BA73D6651A735A40005B852D /* sport14.png */ = {isa = PBXFileReference; lastKnownFileType = image.png; path = sport14.png; sourceTree = "<group>"; };
		BA73D6661A735A40005B852D /* sport14_.png */ = {isa = PBXFileReference; lastKnownFileType = image.png; path = sport14_.png; sourceTree = "<group>"; };
		BA73D6671A735A40005B852D /* sport15.png */ = {isa = PBXFileReference; lastKnownFileType = image.png; path = sport15.png; sourceTree = "<group>"; };
		BA73D6681A735A40005B852D /* sport15_.png */ = {isa = PBXFileReference; lastKnownFileType = image.png; path = sport15_.png; sourceTree = "<group>"; };
		BA73D6691A735A40005B852D /* sport16.png */ = {isa = PBXFileReference; lastKnownFileType = image.png; path = sport16.png; sourceTree = "<group>"; };
		BA73D66A1A735A40005B852D /* sport17.png */ = {isa = PBXFileReference; lastKnownFileType = image.png; path = sport17.png; sourceTree = "<group>"; };
		BA73D66B1A735A40005B852D /* sport18.png */ = {isa = PBXFileReference; lastKnownFileType = image.png; path = sport18.png; sourceTree = "<group>"; };
		BA73D66C1A735A40005B852D /* sport19.png */ = {isa = PBXFileReference; lastKnownFileType = image.png; path = sport19.png; sourceTree = "<group>"; };
		BA73D66D1A735A40005B852D /* sport20.png */ = {isa = PBXFileReference; lastKnownFileType = image.png; path = sport20.png; sourceTree = "<group>"; };
		BA73D66E1A735A40005B852D /* sport21.png */ = {isa = PBXFileReference; lastKnownFileType = image.png; path = sport21.png; sourceTree = "<group>"; };
		BA73D66F1A735A40005B852D /* sport22.png */ = {isa = PBXFileReference; lastKnownFileType = image.png; path = sport22.png; sourceTree = "<group>"; };
		BA73D6701A735A40005B852D /* sport23.png */ = {isa = PBXFileReference; lastKnownFileType = image.png; path = sport23.png; sourceTree = "<group>"; };
		BA73D6711A735A40005B852D /* sport24.png */ = {isa = PBXFileReference; lastKnownFileType = image.png; path = sport24.png; sourceTree = "<group>"; };
		BA73D6721A735A40005B852D /* sport25.png */ = {isa = PBXFileReference; lastKnownFileType = image.png; path = sport25.png; sourceTree = "<group>"; };
		F376CCE71A7399B7002E939C /* startButton_.png */ = {isa = PBXFileReference; lastKnownFileType = image.png; path = startButton_.png; sourceTree = "<group>"; };
		F376CCE81A7399B7002E939C /* startButton.png */ = {isa = PBXFileReference; lastKnownFileType = image.png; path = startButton.png; sourceTree = "<group>"; };
		F3B988671A73CC720054A4F1 /* Result.swift */ = {isa = PBXFileReference; fileEncoding = 4; lastKnownFileType = sourcecode.swift; path = Result.swift; sourceTree = "<group>"; };
		F3B988691A73E4290054A4F1 /* Sport.swift */ = {isa = PBXFileReference; fileEncoding = 4; lastKnownFileType = sourcecode.swift; path = Sport.swift; sourceTree = "<group>"; };
		F3B9886B1A73F95F0054A4F1 /* Array2D.swift */ = {isa = PBXFileReference; fileEncoding = 4; lastKnownFileType = sourcecode.swift; path = Array2D.swift; sourceTree = "<group>"; };
		F3B9886D1A73F9770054A4F1 /* Set.swift */ = {isa = PBXFileReference; fileEncoding = 4; lastKnownFileType = sourcecode.swift; path = Set.swift; sourceTree = "<group>"; };
		F3B9886F1A73F9D50054A4F1 /* Level.swift */ = {isa = PBXFileReference; fileEncoding = 4; lastKnownFileType = sourcecode.swift; path = Level.swift; sourceTree = "<group>"; };
		F3C570BF1A73658800D186AA /* GameStart.swift */ = {isa = PBXFileReference; fileEncoding = 4; lastKnownFileType = sourcecode.swift; path = GameStart.swift; sourceTree = "<group>"; };
		F3DEE4CA1A73879D0002532A /* ActionButton.swift */ = {isa = PBXFileReference; fileEncoding = 4; lastKnownFileType = sourcecode.swift; path = ActionButton.swift; sourceTree = "<group>"; };
/* End PBXFileReference section */

/* Begin PBXFrameworksBuildPhase section */
		BA73D5E91A734B54005B852D /* Frameworks */ = {
			isa = PBXFrameworksBuildPhase;
			buildActionMask = 2147483647;
			files = (
			);
			runOnlyForDeploymentPostprocessing = 0;
		};
		BA73D6021A734B54005B852D /* Frameworks */ = {
			isa = PBXFrameworksBuildPhase;
			buildActionMask = 2147483647;
			files = (
			);
			runOnlyForDeploymentPostprocessing = 0;
		};
/* End PBXFrameworksBuildPhase section */

/* Begin PBXGroup section */
		BA73D5E31A734B54005B852D = {
			isa = PBXGroup;
			children = (
				BA73D5EE1A734B54005B852D /* WhatDoWeDoNow */,
				BA73D6081A734B54005B852D /* WhatDoWeDoNowTests */,
				BA73D5ED1A734B54005B852D /* Products */,
			);
			sourceTree = "<group>";
		};
		BA73D5ED1A734B54005B852D /* Products */ = {
			isa = PBXGroup;
			children = (
				BA73D5EC1A734B54005B852D /* WhatDoWeDoNow.app */,
				BA73D6051A734B54005B852D /* WhatDoWeDoNowTests.xctest */,
			);
			name = Products;
			sourceTree = "<group>";
		};
		BA73D5EE1A734B54005B852D /* WhatDoWeDoNow */ = {
			isa = PBXGroup;
			children = (
				F3DEE4CA1A73879D0002532A /* ActionButton.swift */,
				BA73D5F11A734B54005B852D /* AppDelegate.swift */,
				BA73D5F51A734B54005B852D /* GameScene.swift */,
				BA73D5F71A734B54005B852D /* GameViewController.swift */,
				BA73D5F91A734B54005B852D /* Main.storyboard */,
				BA73D5FC1A734B54005B852D /* Images.xcassets */,
				BA73D5FE1A734B54005B852D /* LaunchScreen.xib */,
				F3C570BF1A73658800D186AA /* GameStart.swift */,
				F3B988671A73CC720054A4F1 /* Result.swift */,
				BA73D5EF1A734B54005B852D /* Supporting Files */,
				BA73D64A1A735A40005B852D /* images */,
				F3B988691A73E4290054A4F1 /* Sport.swift */,
				F3B9886B1A73F95F0054A4F1 /* Array2D.swift */,
				F3B9886D1A73F9770054A4F1 /* Set.swift */,
				F3B9886F1A73F9D50054A4F1 /* Level.swift */,
			);
			path = WhatDoWeDoNow;
			sourceTree = "<group>";
		};
		BA73D5EF1A734B54005B852D /* Supporting Files */ = {
			isa = PBXGroup;
			children = (
				BA73D5F01A734B54005B852D /* Info.plist */,
			);
			name = "Supporting Files";
			sourceTree = "<group>";
		};
		BA73D6081A734B54005B852D /* WhatDoWeDoNowTests */ = {
			isa = PBXGroup;
			children = (
				BA73D60B1A734B54005B852D /* WhatDoWeDoNowTests.swift */,
				BA73D6091A734B54005B852D /* Supporting Files */,
			);
			path = WhatDoWeDoNowTests;
			sourceTree = "<group>";
		};
		BA73D6091A734B54005B852D /* Supporting Files */ = {
			isa = PBXGroup;
			children = (
				BA73D60A1A734B54005B852D /* Info.plist */,
			);
			name = "Supporting Files";
			sourceTree = "<group>";
		};
		BA73D64A1A735A40005B852D /* images */ = {
			isa = PBXGroup;
			children = (
				BA4FF4761A74216B0070E94E /* levelButton_1.png */,
				BA4FF4771A74216B0070E94E /* levelButton1.png */,
				BA4FF46C1A7415040070E94E /* background.png */,
				BA4FF4721A7420080070E94E /* startButton_1.png */,
				BA4FF4731A7420080070E94E /* startButton1.png */,
				BA73D64B1A735A40005B852D /* sport01.png */,
				BA73D64C1A735A40005B852D /* sport01_.png */,
				BA4FF46E1A741F9F0070E94E /* startButton_.png */,
				BA4FF46F1A741F9F0070E94E /* startButton.png */,
				BA73D64D1A735A40005B852D /* sport02.png */,
				BA73D64E1A735A40005B852D /* sport02_.png */,
				BA73D64F1A735A40005B852D /* sport03.png */,
				BA73D6501A735A40005B852D /* sport03_.png */,
				BA73D6511A735A40005B852D /* sport04.png */,
				BA73D6521A735A40005B852D /* sport04_.png */,
				BA73D6531A735A40005B852D /* sport05.png */,
				BA73D6541A735A40005B852D /* sport05_.png */,
				BA73D6551A735A40005B852D /* sport06.png */,
				BA73D6561A735A40005B852D /* sport06_.png */,
				BA73D6571A735A40005B852D /* sport07.png */,
				BA73D6581A735A40005B852D /* sport07_.png */,
				BA73D6591A735A40005B852D /* sport08.png */,
				BA73D65A1A735A40005B852D /* sport08_.png */,
				BA73D65B1A735A40005B852D /* sport09.png */,
				BA73D65C1A735A40005B852D /* sport09_.png */,
				BA73D65D1A735A40005B852D /* sport10.png */,
				BA73D65E1A735A40005B852D /* sport10_.png */,
				BA73D65F1A735A40005B852D /* sport11.png */,
				BA73D6601A735A40005B852D /* sport11_.png */,
				BA73D6611A735A40005B852D /* sport12.png */,
				BA73D6621A735A40005B852D /* sport12_.png */,
				BA73D6631A735A40005B852D /* sport13.png */,
				BA73D6641A735A40005B852D /* sport13_.png */,
				BA73D6651A735A40005B852D /* sport14.png */,
				BA73D6661A735A40005B852D /* sport14_.png */,
				BA73D6671A735A40005B852D /* sport15.png */,
				BA73D6681A735A40005B852D /* sport15_.png */,
				BA73D6691A735A40005B852D /* sport16.png */,
				BA73D66A1A735A40005B852D /* sport17.png */,
				BA73D66B1A735A40005B852D /* sport18.png */,
				BA73D66C1A735A40005B852D /* sport19.png */,
				BA73D66D1A735A40005B852D /* sport20.png */,
				BA73D66E1A735A40005B852D /* sport21.png */,
				BA73D66F1A735A40005B852D /* sport22.png */,
				BA73D6701A735A40005B852D /* sport23.png */,
				BA73D6711A735A40005B852D /* sport24.png */,
				BA73D6721A735A40005B852D /* sport25.png */,
			);
			path = images;
			sourceTree = "<group>";
		};
/* End PBXGroup section */

/* Begin PBXNativeTarget section */
		BA73D5EB1A734B54005B852D /* WhatDoWeDoNow */ = {
			isa = PBXNativeTarget;
			buildConfigurationList = BA73D60F1A734B54005B852D /* Build configuration list for PBXNativeTarget "WhatDoWeDoNow" */;
			buildPhases = (
				BA73D5E81A734B54005B852D /* Sources */,
				BA73D5E91A734B54005B852D /* Frameworks */,
				BA73D5EA1A734B54005B852D /* Resources */,
			);
			buildRules = (
			);
			dependencies = (
			);
			name = WhatDoWeDoNow;
			productName = WhatDoWeDoNow;
			productReference = BA73D5EC1A734B54005B852D /* WhatDoWeDoNow.app */;
			productType = "com.apple.product-type.application";
		};
		BA73D6041A734B54005B852D /* WhatDoWeDoNowTests */ = {
			isa = PBXNativeTarget;
			buildConfigurationList = BA73D6121A734B54005B852D /* Build configuration list for PBXNativeTarget "WhatDoWeDoNowTests" */;
			buildPhases = (
				BA73D6011A734B54005B852D /* Sources */,
				BA73D6021A734B54005B852D /* Frameworks */,
				BA73D6031A734B54005B852D /* Resources */,
			);
			buildRules = (
			);
			dependencies = (
				BA73D6071A734B54005B852D /* PBXTargetDependency */,
			);
			name = WhatDoWeDoNowTests;
			productName = WhatDoWeDoNowTests;
			productReference = BA73D6051A734B54005B852D /* WhatDoWeDoNowTests.xctest */;
			productType = "com.apple.product-type.bundle.unit-test";
		};
/* End PBXNativeTarget section */

/* Begin PBXProject section */
		BA73D5E41A734B54005B852D /* Project object */ = {
			isa = PBXProject;
			attributes = {
				LastUpgradeCheck = 0610;
				ORGANIZATIONNAME = OS;
				TargetAttributes = {
					BA73D5EB1A734B54005B852D = {
						CreatedOnToolsVersion = 6.1.1;
					};
					BA73D6041A734B54005B852D = {
						CreatedOnToolsVersion = 6.1.1;
						TestTargetID = BA73D5EB1A734B54005B852D;
					};
				};
			};
			buildConfigurationList = BA73D5E71A734B54005B852D /* Build configuration list for PBXProject "WhatDoWeDoNow" */;
			compatibilityVersion = "Xcode 3.2";
			developmentRegion = English;
			hasScannedForEncodings = 0;
			knownRegions = (
				en,
				Base,
			);
			mainGroup = BA73D5E31A734B54005B852D;
			productRefGroup = BA73D5ED1A734B54005B852D /* Products */;
			projectDirPath = "";
			projectRoot = "";
			targets = (
				BA73D5EB1A734B54005B852D /* WhatDoWeDoNow */,
				BA73D6041A734B54005B852D /* WhatDoWeDoNowTests */,
			);
		};
/* End PBXProject section */

/* Begin PBXResourcesBuildPhase section */
		BA73D5EA1A734B54005B852D /* Resources */ = {
			isa = PBXResourcesBuildPhase;
			buildActionMask = 2147483647;
			files = (
				BA4FF4701A741F9F0070E94E /* startButton_.png in Resources */,
				BA73D6001A734B54005B852D /* LaunchScreen.xib in Resources */,
				BA73D6911A735A40005B852D /* sport16.png in Resources */,
				BA73D6851A735A40005B852D /* sport10.png in Resources */,
				BA4FF46D1A7415040070E94E /* background.png in Resources */,
				BA73D6771A735A40005B852D /* sport03.png in Resources */,
				BA73D68C1A735A40005B852D /* sport13_.png in Resources */,
				BA73D6981A735A40005B852D /* sport23.png in Resources */,
				BA73D67D1A735A40005B852D /* sport06.png in Resources */,
				BA73D68D1A735A40005B852D /* sport14.png in Resources */,
				BA73D6791A735A40005B852D /* sport04.png in Resources */,
				BA73D6741A735A40005B852D /* sport01_.png in Resources */,
				BA4FF4791A74216B0070E94E /* levelButton1.png in Resources */,
				BA73D67C1A735A40005B852D /* sport05_.png in Resources */,
				BA73D6971A735A40005B852D /* sport22.png in Resources */,
				BA4FF4751A7420080070E94E /* startButton1.png in Resources */,
				BA73D6841A735A40005B852D /* sport09_.png in Resources */,
				BA73D6871A735A40005B852D /* sport11.png in Resources */,
				BA73D67E1A735A40005B852D /* sport06_.png in Resources */,
				BA4FF4781A74216B0070E94E /* levelButton_1.png in Resources */,
				BA73D6941A735A40005B852D /* sport19.png in Resources */,
				BA73D6831A735A40005B852D /* sport09.png in Resources */,
				BA73D68E1A735A40005B852D /* sport14_.png in Resources */,
				BA73D6891A735A40005B852D /* sport12.png in Resources */,
				BA73D68A1A735A40005B852D /* sport12_.png in Resources */,
				BA73D6881A735A40005B852D /* sport11_.png in Resources */,
				BA73D6821A735A40005B852D /* sport08_.png in Resources */,
				BA73D6901A735A40005B852D /* sport15_.png in Resources */,
				BA73D6781A735A40005B852D /* sport03_.png in Resources */,
				BA73D6751A735A40005B852D /* sport02.png in Resources */,
				BA73D5FD1A734B54005B852D /* Images.xcassets in Resources */,
				BA73D6991A735A40005B852D /* sport24.png in Resources */,
				BA73D5FB1A734B54005B852D /* Main.storyboard in Resources */,
				BA4FF4741A7420080070E94E /* startButton_1.png in Resources */,
				BA73D67A1A735A40005B852D /* sport04_.png in Resources */,
				BA73D6731A735A40005B852D /* sport01.png in Resources */,
				BA73D69A1A735A40005B852D /* sport25.png in Resources */,
				BA73D67F1A735A40005B852D /* sport07.png in Resources */,
				BA73D6921A735A40005B852D /* sport17.png in Resources */,
				BA73D68B1A735A40005B852D /* sport13.png in Resources */,
				BA73D6811A735A40005B852D /* sport08.png in Resources */,
				BA73D6761A735A40005B852D /* sport02_.png in Resources */,
				BA73D6961A735A40005B852D /* sport21.png in Resources */,
				BA73D6951A735A40005B852D /* sport20.png in Resources */,
				BA73D68F1A735A40005B852D /* sport15.png in Resources */,
				BA73D6801A735A40005B852D /* sport07_.png in Resources */,
				BA4FF4711A741F9F0070E94E /* startButton.png in Resources */,
				BA73D6861A735A40005B852D /* sport10_.png in Resources */,
				BA73D67B1A735A40005B852D /* sport05.png in Resources */,
				BA73D6931A735A40005B852D /* sport18.png in Resources */,
			);
			runOnlyForDeploymentPostprocessing = 0;
		};
		BA73D6031A734B54005B852D /* Resources */ = {
			isa = PBXResourcesBuildPhase;
			buildActionMask = 2147483647;
			files = (
			);
			runOnlyForDeploymentPostprocessing = 0;
		};
/* End PBXResourcesBuildPhase section */

/* Begin PBXSourcesBuildPhase section */
		BA73D5E81A734B54005B852D /* Sources */ = {
			isa = PBXSourcesBuildPhase;
			buildActionMask = 2147483647;
			files = (
				F3B9886A1A73E4290054A4F1 /* Sport.swift in Sources */,
				F3B988681A73CC720054A4F1 /* Result.swift in Sources */,
				BA73D5F61A734B54005B852D /* GameScene.swift in Sources */,
				BA73D5F81A734B54005B852D /* GameViewController.swift in Sources */,
				F3C570C01A73658800D186AA /* GameStart.swift in Sources */,
				F3B9886C1A73F95F0054A4F1 /* Array2D.swift in Sources */,
				BA73D5F21A734B54005B852D /* AppDelegate.swift in Sources */,
				F3DEE4CB1A73879D0002532A /* ActionButton.swift in Sources */,
				F3B988701A73F9D50054A4F1 /* Level.swift in Sources */,
				F3B9886E1A73F9770054A4F1 /* Set.swift in Sources */,
			);
			runOnlyForDeploymentPostprocessing = 0;
		};
		BA73D6011A734B54005B852D /* Sources */ = {
			isa = PBXSourcesBuildPhase;
			buildActionMask = 2147483647;
			files = (
				BA73D60C1A734B54005B852D /* WhatDoWeDoNowTests.swift in Sources */,
			);
			runOnlyForDeploymentPostprocessing = 0;
		};
/* End PBXSourcesBuildPhase section */

/* Begin PBXTargetDependency section */
		BA73D6071A734B54005B852D /* PBXTargetDependency */ = {
			isa = PBXTargetDependency;
			target = BA73D5EB1A734B54005B852D /* WhatDoWeDoNow */;
			targetProxy = BA73D6061A734B54005B852D /* PBXContainerItemProxy */;
		};
/* End PBXTargetDependency section */

/* Begin PBXVariantGroup section */
		BA73D5F91A734B54005B852D /* Main.storyboard */ = {
			isa = PBXVariantGroup;
			children = (
				BA73D5FA1A734B54005B852D /* Base */,
			);
			name = Main.storyboard;
			sourceTree = "<group>";
		};
		BA73D5FE1A734B54005B852D /* LaunchScreen.xib */ = {
			isa = PBXVariantGroup;
			children = (
				BA73D5FF1A734B54005B852D /* Base */,
			);
			name = LaunchScreen.xib;
			sourceTree = "<group>";
		};
/* End PBXVariantGroup section */

/* Begin XCBuildConfiguration section */
		BA73D60D1A734B54005B852D /* Debug */ = {
			isa = XCBuildConfiguration;
			buildSettings = {
				ALWAYS_SEARCH_USER_PATHS = NO;
				CLANG_CXX_LANGUAGE_STANDARD = "gnu++0x";
				CLANG_CXX_LIBRARY = "libc++";
				CLANG_ENABLE_MODULES = YES;
				CLANG_ENABLE_OBJC_ARC = YES;
				CLANG_WARN_BOOL_CONVERSION = YES;
				CLANG_WARN_CONSTANT_CONVERSION = YES;
				CLANG_WARN_DIRECT_OBJC_ISA_USAGE = YES_ERROR;
				CLANG_WARN_EMPTY_BODY = YES;
				CLANG_WARN_ENUM_CONVERSION = YES;
				CLANG_WARN_INT_CONVERSION = YES;
				CLANG_WARN_OBJC_ROOT_CLASS = YES_ERROR;
				CLANG_WARN_UNREACHABLE_CODE = YES;
				CLANG_WARN__DUPLICATE_METHOD_MATCH = YES;
				"CODE_SIGN_IDENTITY[sdk=iphoneos*]" = "iPhone Developer";
				COPY_PHASE_STRIP = NO;
				ENABLE_STRICT_OBJC_MSGSEND = YES;
				GCC_C_LANGUAGE_STANDARD = gnu99;
				GCC_DYNAMIC_NO_PIC = NO;
				GCC_OPTIMIZATION_LEVEL = 0;
				GCC_PREPROCESSOR_DEFINITIONS = (
					"DEBUG=1",
					"$(inherited)",
				);
				GCC_SYMBOLS_PRIVATE_EXTERN = NO;
				GCC_WARN_64_TO_32_BIT_CONVERSION = YES;
				GCC_WARN_ABOUT_RETURN_TYPE = YES_ERROR;
				GCC_WARN_UNDECLARED_SELECTOR = YES;
				GCC_WARN_UNINITIALIZED_AUTOS = YES_AGGRESSIVE;
				GCC_WARN_UNUSED_FUNCTION = YES;
				GCC_WARN_UNUSED_VARIABLE = YES;
				IPHONEOS_DEPLOYMENT_TARGET = 8.1;
				MTL_ENABLE_DEBUG_INFO = YES;
				ONLY_ACTIVE_ARCH = YES;
				SDKROOT = iphoneos;
				SWIFT_OPTIMIZATION_LEVEL = "-Onone";
			};
			name = Debug;
		};
		BA73D60E1A734B54005B852D /* Release */ = {
			isa = XCBuildConfiguration;
			buildSettings = {
				ALWAYS_SEARCH_USER_PATHS = NO;
				CLANG_CXX_LANGUAGE_STANDARD = "gnu++0x";
				CLANG_CXX_LIBRARY = "libc++";
				CLANG_ENABLE_MODULES = YES;
				CLANG_ENABLE_OBJC_ARC = YES;
				CLANG_WARN_BOOL_CONVERSION = YES;
				CLANG_WARN_CONSTANT_CONVERSION = YES;
				CLANG_WARN_DIRECT_OBJC_ISA_USAGE = YES_ERROR;
				CLANG_WARN_EMPTY_BODY = YES;
				CLANG_WARN_ENUM_CONVERSION = YES;
				CLANG_WARN_INT_CONVERSION = YES;
				CLANG_WARN_OBJC_ROOT_CLASS = YES_ERROR;
				CLANG_WARN_UNREACHABLE_CODE = YES;
				CLANG_WARN__DUPLICATE_METHOD_MATCH = YES;
				"CODE_SIGN_IDENTITY[sdk=iphoneos*]" = "iPhone Developer";
				COPY_PHASE_STRIP = YES;
				ENABLE_NS_ASSERTIONS = NO;
				ENABLE_STRICT_OBJC_MSGSEND = YES;
				GCC_C_LANGUAGE_STANDARD = gnu99;
				GCC_WARN_64_TO_32_BIT_CONVERSION = YES;
				GCC_WARN_ABOUT_RETURN_TYPE = YES_ERROR;
				GCC_WARN_UNDECLARED_SELECTOR = YES;
				GCC_WARN_UNINITIALIZED_AUTOS = YES_AGGRESSIVE;
				GCC_WARN_UNUSED_FUNCTION = YES;
				GCC_WARN_UNUSED_VARIABLE = YES;
				IPHONEOS_DEPLOYMENT_TARGET = 8.1;
				MTL_ENABLE_DEBUG_INFO = NO;
				SDKROOT = iphoneos;
				VALIDATE_PRODUCT = YES;
			};
			name = Release;
		};
		BA73D6101A734B54005B852D /* Debug */ = {
			isa = XCBuildConfiguration;
			buildSettings = {
				ASSETCATALOG_COMPILER_APPICON_NAME = AppIcon;
				INFOPLIST_FILE = WhatDoWeDoNow/Info.plist;
				LD_RUNPATH_SEARCH_PATHS = "$(inherited) @executable_path/Frameworks";
				PRODUCT_NAME = "$(TARGET_NAME)";
			};
			name = Debug;
		};
		BA73D6111A734B54005B852D /* Release */ = {
			isa = XCBuildConfiguration;
			buildSettings = {
				ASSETCATALOG_COMPILER_APPICON_NAME = AppIcon;
				INFOPLIST_FILE = WhatDoWeDoNow/Info.plist;
				LD_RUNPATH_SEARCH_PATHS = "$(inherited) @executable_path/Frameworks";
				PRODUCT_NAME = "$(TARGET_NAME)";
			};
			name = Release;
		};
		BA73D6131A734B54005B852D /* Debug */ = {
			isa = XCBuildConfiguration;
			buildSettings = {
				BUNDLE_LOADER = "$(TEST_HOST)";
				FRAMEWORK_SEARCH_PATHS = (
					"$(SDKROOT)/Developer/Library/Frameworks",
					"$(inherited)",
				);
				GCC_PREPROCESSOR_DEFINITIONS = (
					"DEBUG=1",
					"$(inherited)",
				);
				INFOPLIST_FILE = WhatDoWeDoNowTests/Info.plist;
				LD_RUNPATH_SEARCH_PATHS = "$(inherited) @executable_path/Frameworks @loader_path/Frameworks";
				PRODUCT_NAME = "$(TARGET_NAME)";
				TEST_HOST = "$(BUILT_PRODUCTS_DIR)/WhatDoWeDoNow.app/WhatDoWeDoNow";
			};
			name = Debug;
		};
		BA73D6141A734B54005B852D /* Release */ = {
			isa = XCBuildConfiguration;
			buildSettings = {
				BUNDLE_LOADER = "$(TEST_HOST)";
				FRAMEWORK_SEARCH_PATHS = (
					"$(SDKROOT)/Developer/Library/Frameworks",
					"$(inherited)",
				);
				INFOPLIST_FILE = WhatDoWeDoNowTests/Info.plist;
				LD_RUNPATH_SEARCH_PATHS = "$(inherited) @executable_path/Frameworks @loader_path/Frameworks";
				PRODUCT_NAME = "$(TARGET_NAME)";
				TEST_HOST = "$(BUILT_PRODUCTS_DIR)/WhatDoWeDoNow.app/WhatDoWeDoNow";
			};
			name = Release;
		};
/* End XCBuildConfiguration section */

/* Begin XCConfigurationList section */
		BA73D5E71A734B54005B852D /* Build configuration list for PBXProject "WhatDoWeDoNow" */ = {
			isa = XCConfigurationList;
			buildConfigurations = (
				BA73D60D1A734B54005B852D /* Debug */,
				BA73D60E1A734B54005B852D /* Release */,
			);
			defaultConfigurationIsVisible = 0;
			defaultConfigurationName = Release;
		};
		BA73D60F1A734B54005B852D /* Build configuration list for PBXNativeTarget "WhatDoWeDoNow" */ = {
			isa = XCConfigurationList;
			buildConfigurations = (
				BA73D6101A734B54005B852D /* Debug */,
				BA73D6111A734B54005B852D /* Release */,
			);
			defaultConfigurationIsVisible = 0;
			defaultConfigurationName = Release;
		};
		BA73D6121A734B54005B852D /* Build configuration list for PBXNativeTarget "WhatDoWeDoNowTests" */ = {
			isa = XCConfigurationList;
			buildConfigurations = (
				BA73D6131A734B54005B852D /* Debug */,
				BA73D6141A734B54005B852D /* Release */,
			);
			defaultConfigurationIsVisible = 0;
			defaultConfigurationName = Release;
		};
/* End XCConfigurationList section */
	};
	rootObject = BA73D5E41A734B54005B852D /* Project object */;
}
